// !$*UTF8*$!
{
	archiveVersion = 1;
	classes = {
	};
	objectVersion = 55;
	objects = {

/* Begin PBXBuildFile section */
		1126102043217F7F77820BB8 /* Pods_7DaysOfCode.framework in Frameworks */ = {isa = PBXBuildFile; fileRef = B87294CEDF616CC1C0E6D0F6 /* Pods_7DaysOfCode.framework */; };
		2996A441C9FE27C093E26EEB /* Pods_7DaysOfCodeTests.framework in Frameworks */ = {isa = PBXBuildFile; fileRef = 40866E73E3E551046C0EF54E /* Pods_7DaysOfCodeTests.framework */; };
		CEAEE00C292669B2006CB389 /* AppDelegate.swift in Sources */ = {isa = PBXBuildFile; fileRef = CEAEE00B292669B2006CB389 /* AppDelegate.swift */; };
		CEAEE00E292669B2006CB389 /* SceneDelegate.swift in Sources */ = {isa = PBXBuildFile; fileRef = CEAEE00D292669B2006CB389 /* SceneDelegate.swift */; };
		CEAEE015292669B4006CB389 /* Assets.xcassets in Resources */ = {isa = PBXBuildFile; fileRef = CEAEE014292669B4006CB389 /* Assets.xcassets */; };
		CEAEE018292669B4006CB389 /* LaunchScreen.storyboard in Resources */ = {isa = PBXBuildFile; fileRef = CEAEE016292669B4006CB389 /* LaunchScreen.storyboard */; };
		CEAEE023292669B5006CB389 /* _DaysOfCodeTests.swift in Sources */ = {isa = PBXBuildFile; fileRef = CEAEE022292669B5006CB389 /* _DaysOfCodeTests.swift */; };
		CEAEE02D292669B5006CB389 /* _DaysOfCodeUITests.swift in Sources */ = {isa = PBXBuildFile; fileRef = CEAEE02C292669B5006CB389 /* _DaysOfCodeUITests.swift */; };
		CEAEE02F292669B5006CB389 /* _DaysOfCodeUITestsLaunchTests.swift in Sources */ = {isa = PBXBuildFile; fileRef = CEAEE02E292669B5006CB389 /* _DaysOfCodeUITestsLaunchTests.swift */; };
		CEAEE03F29266A63006CB389 /* HomeViewController.swift in Sources */ = {isa = PBXBuildFile; fileRef = CEAEE03E29266A63006CB389 /* HomeViewController.swift */; };
		CEAEE04129266A6A006CB389 /* HomeView.swift in Sources */ = {isa = PBXBuildFile; fileRef = CEAEE04029266A6A006CB389 /* HomeView.swift */; };
		CEAEE04429267440006CB389 /* Movie.swift in Sources */ = {isa = PBXBuildFile; fileRef = CEAEE04329267440006CB389 /* Movie.swift */; };
		CEAEE04729267613006CB389 /* MovieTableViewCell.swift in Sources */ = {isa = PBXBuildFile; fileRef = CEAEE04629267613006CB389 /* MovieTableViewCell.swift */; };
		CED479D1294212DF0046BCA9 /* Credentials.plist in Resources */ = {isa = PBXBuildFile; fileRef = CED479D0294212DF0046BCA9 /* Credentials.plist */; };
		CED479D62942138A0046BCA9 /* MovieService.swift in Sources */ = {isa = PBXBuildFile; fileRef = CED479D52942138A0046BCA9 /* MovieService.swift */; };
		CED479D8294215E40046BCA9 /* ServiceError.swift in Sources */ = {isa = PBXBuildFile; fileRef = CED479D7294215E40046BCA9 /* ServiceError.swift */; };
		CED479DA294352FE0046BCA9 /* CredentialsService.swift in Sources */ = {isa = PBXBuildFile; fileRef = CED479D9294352FE0046BCA9 /* CredentialsService.swift */; };
		CED479DC294356D80046BCA9 /* HomeViewModel.swift in Sources */ = {isa = PBXBuildFile; fileRef = CED479DB294356D80046BCA9 /* HomeViewModel.swift */; };
		CED479DF294360AB0046BCA9 /* PaginatedResponse.swift in Sources */ = {isa = PBXBuildFile; fileRef = CED479DE294360AB0046BCA9 /* PaginatedResponse.swift */; };
		CED479E2294368880046BCA9 /* UIImageView+Kingfisher.swift in Sources */ = {isa = PBXBuildFile; fileRef = CED479E1294368880046BCA9 /* UIImageView+Kingfisher.swift */; };
		EC54B71557DC18249B0D4D8A /* Pods_7DaysOfCode_7DaysOfCodeUITests.framework in Frameworks */ = {isa = PBXBuildFile; fileRef = 06ABFB83A8743C90D16A632D /* Pods_7DaysOfCode_7DaysOfCodeUITests.framework */; };
/* End PBXBuildFile section */

/* Begin PBXContainerItemProxy section */
		CEAEE01F292669B5006CB389 /* PBXContainerItemProxy */ = {
			isa = PBXContainerItemProxy;
			containerPortal = CEAEE000292669B2006CB389 /* Project object */;
			proxyType = 1;
			remoteGlobalIDString = CEAEE007292669B2006CB389;
			remoteInfo = 7DaysOfCode;
		};
		CEAEE029292669B5006CB389 /* PBXContainerItemProxy */ = {
			isa = PBXContainerItemProxy;
			containerPortal = CEAEE000292669B2006CB389 /* Project object */;
			proxyType = 1;
			remoteGlobalIDString = CEAEE007292669B2006CB389;
			remoteInfo = 7DaysOfCode;
		};
/* End PBXContainerItemProxy section */

/* Begin PBXFileReference section */
		06ABFB83A8743C90D16A632D /* Pods_7DaysOfCode_7DaysOfCodeUITests.framework */ = {isa = PBXFileReference; explicitFileType = wrapper.framework; includeInIndex = 0; path = Pods_7DaysOfCode_7DaysOfCodeUITests.framework; sourceTree = BUILT_PRODUCTS_DIR; };
		232607D2AEFDA7B615C8D223 /* Pods-7DaysOfCode.debug.xcconfig */ = {isa = PBXFileReference; includeInIndex = 1; lastKnownFileType = text.xcconfig; name = "Pods-7DaysOfCode.debug.xcconfig"; path = "Target Support Files/Pods-7DaysOfCode/Pods-7DaysOfCode.debug.xcconfig"; sourceTree = "<group>"; };
		40866E73E3E551046C0EF54E /* Pods_7DaysOfCodeTests.framework */ = {isa = PBXFileReference; explicitFileType = wrapper.framework; includeInIndex = 0; path = Pods_7DaysOfCodeTests.framework; sourceTree = BUILT_PRODUCTS_DIR; };
		5850AB34A6C0A301A17EBA39 /* Pods-7DaysOfCodeTests.release.xcconfig */ = {isa = PBXFileReference; includeInIndex = 1; lastKnownFileType = text.xcconfig; name = "Pods-7DaysOfCodeTests.release.xcconfig"; path = "Target Support Files/Pods-7DaysOfCodeTests/Pods-7DaysOfCodeTests.release.xcconfig"; sourceTree = "<group>"; };
		657EEC08E042E461FD8FDE35 /* Pods-7DaysOfCode-7DaysOfCodeUITests.debug.xcconfig */ = {isa = PBXFileReference; includeInIndex = 1; lastKnownFileType = text.xcconfig; name = "Pods-7DaysOfCode-7DaysOfCodeUITests.debug.xcconfig"; path = "Target Support Files/Pods-7DaysOfCode-7DaysOfCodeUITests/Pods-7DaysOfCode-7DaysOfCodeUITests.debug.xcconfig"; sourceTree = "<group>"; };
		78CA29AFA4A6711399EE712F /* Pods-7DaysOfCodeTests.debug.xcconfig */ = {isa = PBXFileReference; includeInIndex = 1; lastKnownFileType = text.xcconfig; name = "Pods-7DaysOfCodeTests.debug.xcconfig"; path = "Target Support Files/Pods-7DaysOfCodeTests/Pods-7DaysOfCodeTests.debug.xcconfig"; sourceTree = "<group>"; };
		B2A363F6E1557E2C2C96E63C /* Pods-7DaysOfCode-7DaysOfCodeUITests.release.xcconfig */ = {isa = PBXFileReference; includeInIndex = 1; lastKnownFileType = text.xcconfig; name = "Pods-7DaysOfCode-7DaysOfCodeUITests.release.xcconfig"; path = "Target Support Files/Pods-7DaysOfCode-7DaysOfCodeUITests/Pods-7DaysOfCode-7DaysOfCodeUITests.release.xcconfig"; sourceTree = "<group>"; };
		B87294CEDF616CC1C0E6D0F6 /* Pods_7DaysOfCode.framework */ = {isa = PBXFileReference; explicitFileType = wrapper.framework; includeInIndex = 0; path = Pods_7DaysOfCode.framework; sourceTree = BUILT_PRODUCTS_DIR; };
		CEAEE008292669B2006CB389 /* 7DaysOfCode.app */ = {isa = PBXFileReference; explicitFileType = wrapper.application; includeInIndex = 0; path = 7DaysOfCode.app; sourceTree = BUILT_PRODUCTS_DIR; };
		CEAEE00B292669B2006CB389 /* AppDelegate.swift */ = {isa = PBXFileReference; lastKnownFileType = sourcecode.swift; path = AppDelegate.swift; sourceTree = "<group>"; };
		CEAEE00D292669B2006CB389 /* SceneDelegate.swift */ = {isa = PBXFileReference; lastKnownFileType = sourcecode.swift; path = SceneDelegate.swift; sourceTree = "<group>"; };
		CEAEE014292669B4006CB389 /* Assets.xcassets */ = {isa = PBXFileReference; lastKnownFileType = folder.assetcatalog; path = Assets.xcassets; sourceTree = "<group>"; };
		CEAEE017292669B4006CB389 /* Base */ = {isa = PBXFileReference; lastKnownFileType = file.storyboard; name = Base; path = Base.lproj/LaunchScreen.storyboard; sourceTree = "<group>"; };
		CEAEE019292669B4006CB389 /* Info.plist */ = {isa = PBXFileReference; lastKnownFileType = text.plist.xml; path = Info.plist; sourceTree = "<group>"; };
		CEAEE01E292669B5006CB389 /* 7DaysOfCodeTests.xctest */ = {isa = PBXFileReference; explicitFileType = wrapper.cfbundle; includeInIndex = 0; path = 7DaysOfCodeTests.xctest; sourceTree = BUILT_PRODUCTS_DIR; };
		CEAEE022292669B5006CB389 /* _DaysOfCodeTests.swift */ = {isa = PBXFileReference; lastKnownFileType = sourcecode.swift; path = _DaysOfCodeTests.swift; sourceTree = "<group>"; };
		CEAEE028292669B5006CB389 /* 7DaysOfCodeUITests.xctest */ = {isa = PBXFileReference; explicitFileType = wrapper.cfbundle; includeInIndex = 0; path = 7DaysOfCodeUITests.xctest; sourceTree = BUILT_PRODUCTS_DIR; };
		CEAEE02C292669B5006CB389 /* _DaysOfCodeUITests.swift */ = {isa = PBXFileReference; lastKnownFileType = sourcecode.swift; path = _DaysOfCodeUITests.swift; sourceTree = "<group>"; };
		CEAEE02E292669B5006CB389 /* _DaysOfCodeUITestsLaunchTests.swift */ = {isa = PBXFileReference; lastKnownFileType = sourcecode.swift; path = _DaysOfCodeUITestsLaunchTests.swift; sourceTree = "<group>"; };
		CEAEE03E29266A63006CB389 /* HomeViewController.swift */ = {isa = PBXFileReference; lastKnownFileType = sourcecode.swift; path = HomeViewController.swift; sourceTree = "<group>"; };
		CEAEE04029266A6A006CB389 /* HomeView.swift */ = {isa = PBXFileReference; lastKnownFileType = sourcecode.swift; path = HomeView.swift; sourceTree = "<group>"; };
		CEAEE04329267440006CB389 /* Movie.swift */ = {isa = PBXFileReference; lastKnownFileType = sourcecode.swift; path = Movie.swift; sourceTree = "<group>"; };
		CEAEE04629267613006CB389 /* MovieTableViewCell.swift */ = {isa = PBXFileReference; lastKnownFileType = sourcecode.swift; path = MovieTableViewCell.swift; sourceTree = "<group>"; };
		CED479D0294212DF0046BCA9 /* Credentials.plist */ = {isa = PBXFileReference; lastKnownFileType = text.plist.xml; path = Credentials.plist; sourceTree = "<group>"; };
		CED479D52942138A0046BCA9 /* MovieService.swift */ = {isa = PBXFileReference; lastKnownFileType = sourcecode.swift; path = MovieService.swift; sourceTree = "<group>"; };
		CED479D7294215E40046BCA9 /* ServiceError.swift */ = {isa = PBXFileReference; lastKnownFileType = sourcecode.swift; path = ServiceError.swift; sourceTree = "<group>"; };
		CED479D9294352FE0046BCA9 /* CredentialsService.swift */ = {isa = PBXFileReference; lastKnownFileType = sourcecode.swift; path = CredentialsService.swift; sourceTree = "<group>"; };
		CED479DB294356D80046BCA9 /* HomeViewModel.swift */ = {isa = PBXFileReference; lastKnownFileType = sourcecode.swift; path = HomeViewModel.swift; sourceTree = "<group>"; };
		CED479DE294360AB0046BCA9 /* PaginatedResponse.swift */ = {isa = PBXFileReference; lastKnownFileType = sourcecode.swift; path = PaginatedResponse.swift; sourceTree = "<group>"; };
		CED479E1294368880046BCA9 /* UIImageView+Kingfisher.swift */ = {isa = PBXFileReference; lastKnownFileType = sourcecode.swift; path = "UIImageView+Kingfisher.swift"; sourceTree = "<group>"; };
		E10AB856F69E486CE919D01B /* Pods-7DaysOfCode.release.xcconfig */ = {isa = PBXFileReference; includeInIndex = 1; lastKnownFileType = text.xcconfig; name = "Pods-7DaysOfCode.release.xcconfig"; path = "Target Support Files/Pods-7DaysOfCode/Pods-7DaysOfCode.release.xcconfig"; sourceTree = "<group>"; };
/* End PBXFileReference section */

/* Begin PBXFrameworksBuildPhase section */
		CEAEE005292669B2006CB389 /* Frameworks */ = {
			isa = PBXFrameworksBuildPhase;
			buildActionMask = 2147483647;
			files = (
				1126102043217F7F77820BB8 /* Pods_7DaysOfCode.framework in Frameworks */,
			);
			runOnlyForDeploymentPostprocessing = 0;
		};
		CEAEE01B292669B5006CB389 /* Frameworks */ = {
			isa = PBXFrameworksBuildPhase;
			buildActionMask = 2147483647;
			files = (
				2996A441C9FE27C093E26EEB /* Pods_7DaysOfCodeTests.framework in Frameworks */,
			);
			runOnlyForDeploymentPostprocessing = 0;
		};
		CEAEE025292669B5006CB389 /* Frameworks */ = {
			isa = PBXFrameworksBuildPhase;
			buildActionMask = 2147483647;
			files = (
				EC54B71557DC18249B0D4D8A /* Pods_7DaysOfCode_7DaysOfCodeUITests.framework in Frameworks */,
			);
			runOnlyForDeploymentPostprocessing = 0;
		};
/* End PBXFrameworksBuildPhase section */

/* Begin PBXGroup section */
		0FA494D01BFF623EDB5C0C25 /* Pods */ = {
			isa = PBXGroup;
			children = (
				232607D2AEFDA7B615C8D223 /* Pods-7DaysOfCode.debug.xcconfig */,
				E10AB856F69E486CE919D01B /* Pods-7DaysOfCode.release.xcconfig */,
				657EEC08E042E461FD8FDE35 /* Pods-7DaysOfCode-7DaysOfCodeUITests.debug.xcconfig */,
				B2A363F6E1557E2C2C96E63C /* Pods-7DaysOfCode-7DaysOfCodeUITests.release.xcconfig */,
				78CA29AFA4A6711399EE712F /* Pods-7DaysOfCodeTests.debug.xcconfig */,
				5850AB34A6C0A301A17EBA39 /* Pods-7DaysOfCodeTests.release.xcconfig */,
			);
			path = Pods;
			sourceTree = "<group>";
		};
		8F3635DE60BDB2E83A11A2D5 /* Frameworks */ = {
			isa = PBXGroup;
			children = (
				B87294CEDF616CC1C0E6D0F6 /* Pods_7DaysOfCode.framework */,
				06ABFB83A8743C90D16A632D /* Pods_7DaysOfCode_7DaysOfCodeUITests.framework */,
				40866E73E3E551046C0EF54E /* Pods_7DaysOfCodeTests.framework */,
			);
			name = Frameworks;
			sourceTree = "<group>";
		};
		CEAEDFFF292669B2006CB389 = {
			isa = PBXGroup;
			children = (
				CEAEE00A292669B2006CB389 /* 7DaysOfCode */,
				CEAEE021292669B5006CB389 /* 7DaysOfCodeTests */,
				CEAEE02B292669B5006CB389 /* 7DaysOfCodeUITests */,
				CEAEE009292669B2006CB389 /* Products */,
				0FA494D01BFF623EDB5C0C25 /* Pods */,
				8F3635DE60BDB2E83A11A2D5 /* Frameworks */,
			);
			sourceTree = "<group>";
		};
		CEAEE009292669B2006CB389 /* Products */ = {
			isa = PBXGroup;
			children = (
				CEAEE008292669B2006CB389 /* 7DaysOfCode.app */,
				CEAEE01E292669B5006CB389 /* 7DaysOfCodeTests.xctest */,
				CEAEE028292669B5006CB389 /* 7DaysOfCodeUITests.xctest */,
			);
			name = Products;
			sourceTree = "<group>";
		};
		CEAEE00A292669B2006CB389 /* 7DaysOfCode */ = {
			isa = PBXGroup;
			children = (
				CED479E0294368740046BCA9 /* Extensions */,
				CED479D2294213650046BCA9 /* Services */,
				CEAEE04529267603006CB389 /* Components */,
				CEAEE04229267433006CB389 /* Models */,
				CEAEE03C292669E8006CB389 /* AppDelegate */,
				CEAEE03B292669E1006CB389 /* Screens */,
				CEAEE014292669B4006CB389 /* Assets.xcassets */,
				CEAEE016292669B4006CB389 /* LaunchScreen.storyboard */,
				CEAEE019292669B4006CB389 /* Info.plist */,
				CED479D0294212DF0046BCA9 /* Credentials.plist */,
			);
			path = 7DaysOfCode;
			sourceTree = "<group>";
		};
		CEAEE021292669B5006CB389 /* 7DaysOfCodeTests */ = {
			isa = PBXGroup;
			children = (
				CEAEE022292669B5006CB389 /* _DaysOfCodeTests.swift */,
			);
			path = 7DaysOfCodeTests;
			sourceTree = "<group>";
		};
		CEAEE02B292669B5006CB389 /* 7DaysOfCodeUITests */ = {
			isa = PBXGroup;
			children = (
				CEAEE02C292669B5006CB389 /* _DaysOfCodeUITests.swift */,
				CEAEE02E292669B5006CB389 /* _DaysOfCodeUITestsLaunchTests.swift */,
			);
			path = 7DaysOfCodeUITests;
			sourceTree = "<group>";
		};
		CEAEE03B292669E1006CB389 /* Screens */ = {
			isa = PBXGroup;
			children = (
				CEAEE03D29266A56006CB389 /* Home */,
			);
			path = Screens;
			sourceTree = "<group>";
		};
		CEAEE03C292669E8006CB389 /* AppDelegate */ = {
			isa = PBXGroup;
			children = (
				CEAEE00B292669B2006CB389 /* AppDelegate.swift */,
				CEAEE00D292669B2006CB389 /* SceneDelegate.swift */,
			);
			path = AppDelegate;
			sourceTree = "<group>";
		};
		CEAEE03D29266A56006CB389 /* Home */ = {
			isa = PBXGroup;
			children = (
				CEAEE03E29266A63006CB389 /* HomeViewController.swift */,
				CEAEE04029266A6A006CB389 /* HomeView.swift */,
				CED479DB294356D80046BCA9 /* HomeViewModel.swift */,
			);
			path = Home;
			sourceTree = "<group>";
		};
		CEAEE04229267433006CB389 /* Models */ = {
			isa = PBXGroup;
			children = (
				CED479DD2943609B0046BCA9 /* Response */,
				CEAEE04329267440006CB389 /* Movie.swift */,
				CED479D7294215E40046BCA9 /* ServiceError.swift */,
			);
			path = Models;
			sourceTree = "<group>";
		};
		CEAEE04529267603006CB389 /* Components */ = {
			isa = PBXGroup;
			children = (
				CEAEE04629267613006CB389 /* MovieTableViewCell.swift */,
			);
			path = Components;
			sourceTree = "<group>";
		};
		CED479D2294213650046BCA9 /* Services */ = {
			isa = PBXGroup;
			children = (
				CED479D52942138A0046BCA9 /* MovieService.swift */,
				CED479D9294352FE0046BCA9 /* CredentialsService.swift */,
			);
			path = Services;
			sourceTree = "<group>";
		};
		CED479DD2943609B0046BCA9 /* Response */ = {
			isa = PBXGroup;
			children = (
				CED479DE294360AB0046BCA9 /* PaginatedResponse.swift */,
			);
			path = Response;
			sourceTree = "<group>";
		};
		CED479E0294368740046BCA9 /* Extensions */ = {
			isa = PBXGroup;
			children = (
				CED479E1294368880046BCA9 /* UIImageView+Kingfisher.swift */,
			);
			path = Extensions;
			sourceTree = "<group>";
		};
/* End PBXGroup section */

/* Begin PBXNativeTarget section */
		CEAEE007292669B2006CB389 /* 7DaysOfCode */ = {
			isa = PBXNativeTarget;
			buildConfigurationList = CEAEE032292669B5006CB389 /* Build configuration list for PBXNativeTarget "7DaysOfCode" */;
			buildPhases = (
				9FDCF400C44A8C8660A26D82 /* [CP] Check Pods Manifest.lock */,
				CEAEE004292669B2006CB389 /* Sources */,
				CEAEE005292669B2006CB389 /* Frameworks */,
				CEAEE006292669B2006CB389 /* Resources */,
				7E729BC84CD9E85B59564DD2 /* [CP] Embed Pods Frameworks */,
			);
			buildRules = (
			);
			dependencies = (
			);
			name = 7DaysOfCode;
			productName = 7DaysOfCode;
			productReference = CEAEE008292669B2006CB389 /* 7DaysOfCode.app */;
			productType = "com.apple.product-type.application";
		};
		CEAEE01D292669B5006CB389 /* 7DaysOfCodeTests */ = {
			isa = PBXNativeTarget;
			buildConfigurationList = CEAEE035292669B5006CB389 /* Build configuration list for PBXNativeTarget "7DaysOfCodeTests" */;
			buildPhases = (
				6705B0EB6E3F16BA70DAA246 /* [CP] Check Pods Manifest.lock */,
				CEAEE01A292669B5006CB389 /* Sources */,
				CEAEE01B292669B5006CB389 /* Frameworks */,
				CEAEE01C292669B5006CB389 /* Resources */,
			);
			buildRules = (
			);
			dependencies = (
				CEAEE020292669B5006CB389 /* PBXTargetDependency */,
			);
			name = 7DaysOfCodeTests;
			productName = 7DaysOfCodeTests;
			productReference = CEAEE01E292669B5006CB389 /* 7DaysOfCodeTests.xctest */;
			productType = "com.apple.product-type.bundle.unit-test";
		};
		CEAEE027292669B5006CB389 /* 7DaysOfCodeUITests */ = {
			isa = PBXNativeTarget;
			buildConfigurationList = CEAEE038292669B5006CB389 /* Build configuration list for PBXNativeTarget "7DaysOfCodeUITests" */;
			buildPhases = (
				8A7512B38D98232D31CFACFE /* [CP] Check Pods Manifest.lock */,
				CEAEE024292669B5006CB389 /* Sources */,
				CEAEE025292669B5006CB389 /* Frameworks */,
				CEAEE026292669B5006CB389 /* Resources */,
				EB5317A035A70CD0739AC0D6 /* [CP] Embed Pods Frameworks */,
			);
			buildRules = (
			);
			dependencies = (
				CEAEE02A292669B5006CB389 /* PBXTargetDependency */,
			);
			name = 7DaysOfCodeUITests;
			productName = 7DaysOfCodeUITests;
			productReference = CEAEE028292669B5006CB389 /* 7DaysOfCodeUITests.xctest */;
			productType = "com.apple.product-type.bundle.ui-testing";
		};
/* End PBXNativeTarget section */

/* Begin PBXProject section */
		CEAEE000292669B2006CB389 /* Project object */ = {
			isa = PBXProject;
			attributes = {
				BuildIndependentTargetsInParallel = 1;
				LastSwiftUpdateCheck = 1410;
				LastUpgradeCheck = 1410;
				TargetAttributes = {
					CEAEE007292669B2006CB389 = {
						CreatedOnToolsVersion = 14.1;
					};
					CEAEE01D292669B5006CB389 = {
						CreatedOnToolsVersion = 14.1;
						TestTargetID = CEAEE007292669B2006CB389;
					};
					CEAEE027292669B5006CB389 = {
						CreatedOnToolsVersion = 14.1;
						TestTargetID = CEAEE007292669B2006CB389;
					};
				};
			};
			buildConfigurationList = CEAEE003292669B2006CB389 /* Build configuration list for PBXProject "7DaysOfCode" */;
			compatibilityVersion = "Xcode 13.0";
			developmentRegion = en;
			hasScannedForEncodings = 0;
			knownRegions = (
				en,
				Base,
			);
			mainGroup = CEAEDFFF292669B2006CB389;
			productRefGroup = CEAEE009292669B2006CB389 /* Products */;
			projectDirPath = "";
			projectRoot = "";
			targets = (
				CEAEE007292669B2006CB389 /* 7DaysOfCode */,
				CEAEE01D292669B5006CB389 /* 7DaysOfCodeTests */,
				CEAEE027292669B5006CB389 /* 7DaysOfCodeUITests */,
			);
		};
/* End PBXProject section */

/* Begin PBXResourcesBuildPhase section */
		CEAEE006292669B2006CB389 /* Resources */ = {
			isa = PBXResourcesBuildPhase;
			buildActionMask = 2147483647;
			files = (
				CED479D1294212DF0046BCA9 /* Credentials.plist in Resources */,
				CEAEE018292669B4006CB389 /* LaunchScreen.storyboard in Resources */,
				CEAEE015292669B4006CB389 /* Assets.xcassets in Resources */,
			);
			runOnlyForDeploymentPostprocessing = 0;
		};
		CEAEE01C292669B5006CB389 /* Resources */ = {
			isa = PBXResourcesBuildPhase;
			buildActionMask = 2147483647;
			files = (
			);
			runOnlyForDeploymentPostprocessing = 0;
		};
		CEAEE026292669B5006CB389 /* Resources */ = {
			isa = PBXResourcesBuildPhase;
			buildActionMask = 2147483647;
			files = (
			);
			runOnlyForDeploymentPostprocessing = 0;
		};
/* End PBXResourcesBuildPhase section */

/* Begin PBXShellScriptBuildPhase section */
		6705B0EB6E3F16BA70DAA246 /* [CP] Check Pods Manifest.lock */ = {
			isa = PBXShellScriptBuildPhase;
			buildActionMask = 2147483647;
			files = (
			);
			inputFileListPaths = (
			);
			inputPaths = (
				"${PODS_PODFILE_DIR_PATH}/Podfile.lock",
				"${PODS_ROOT}/Manifest.lock",
			);
			name = "[CP] Check Pods Manifest.lock";
			outputFileListPaths = (
			);
			outputPaths = (
				"$(DERIVED_FILE_DIR)/Pods-7DaysOfCodeTests-checkManifestLockResult.txt",
			);
			runOnlyForDeploymentPostprocessing = 0;
			shellPath = /bin/sh;
			shellScript = "diff \"${PODS_PODFILE_DIR_PATH}/Podfile.lock\" \"${PODS_ROOT}/Manifest.lock\" > /dev/null\nif [ $? != 0 ] ; then\n    # print error to STDERR\n    echo \"error: The sandbox is not in sync with the Podfile.lock. Run 'pod install' or update your CocoaPods installation.\" >&2\n    exit 1\nfi\n# This output is used by Xcode 'outputs' to avoid re-running this script phase.\necho \"SUCCESS\" > \"${SCRIPT_OUTPUT_FILE_0}\"\n";
			showEnvVarsInLog = 0;
		};
		7E729BC84CD9E85B59564DD2 /* [CP] Embed Pods Frameworks */ = {
			isa = PBXShellScriptBuildPhase;
			buildActionMask = 2147483647;
			files = (
			);
			inputFileListPaths = (
				"${PODS_ROOT}/Target Support Files/Pods-7DaysOfCode/Pods-7DaysOfCode-frameworks-${CONFIGURATION}-input-files.xcfilelist",
			);
			name = "[CP] Embed Pods Frameworks";
			outputFileListPaths = (
				"${PODS_ROOT}/Target Support Files/Pods-7DaysOfCode/Pods-7DaysOfCode-frameworks-${CONFIGURATION}-output-files.xcfilelist",
			);
			runOnlyForDeploymentPostprocessing = 0;
			shellPath = /bin/sh;
			shellScript = "\"${PODS_ROOT}/Target Support Files/Pods-7DaysOfCode/Pods-7DaysOfCode-frameworks.sh\"\n";
			showEnvVarsInLog = 0;
		};
		8A7512B38D98232D31CFACFE /* [CP] Check Pods Manifest.lock */ = {
			isa = PBXShellScriptBuildPhase;
			buildActionMask = 2147483647;
			files = (
			);
			inputFileListPaths = (
			);
			inputPaths = (
				"${PODS_PODFILE_DIR_PATH}/Podfile.lock",
				"${PODS_ROOT}/Manifest.lock",
			);
			name = "[CP] Check Pods Manifest.lock";
			outputFileListPaths = (
			);
			outputPaths = (
				"$(DERIVED_FILE_DIR)/Pods-7DaysOfCode-7DaysOfCodeUITests-checkManifestLockResult.txt",
			);
			runOnlyForDeploymentPostprocessing = 0;
			shellPath = /bin/sh;
			shellScript = "diff \"${PODS_PODFILE_DIR_PATH}/Podfile.lock\" \"${PODS_ROOT}/Manifest.lock\" > /dev/null\nif [ $? != 0 ] ; then\n    # print error to STDERR\n    echo \"error: The sandbox is not in sync with the Podfile.lock. Run 'pod install' or update your CocoaPods installation.\" >&2\n    exit 1\nfi\n# This output is used by Xcode 'outputs' to avoid re-running this script phase.\necho \"SUCCESS\" > \"${SCRIPT_OUTPUT_FILE_0}\"\n";
			showEnvVarsInLog = 0;
		};
		9FDCF400C44A8C8660A26D82 /* [CP] Check Pods Manifest.lock */ = {
			isa = PBXShellScriptBuildPhase;
			buildActionMask = 2147483647;
			files = (
			);
			inputFileListPaths = (
			);
			inputPaths = (
				"${PODS_PODFILE_DIR_PATH}/Podfile.lock",
				"${PODS_ROOT}/Manifest.lock",
			);
			name = "[CP] Check Pods Manifest.lock";
			outputFileListPaths = (
			);
			outputPaths = (
				"$(DERIVED_FILE_DIR)/Pods-7DaysOfCode-checkManifestLockResult.txt",
			);
			runOnlyForDeploymentPostprocessing = 0;
			shellPath = /bin/sh;
			shellScript = "diff \"${PODS_PODFILE_DIR_PATH}/Podfile.lock\" \"${PODS_ROOT}/Manifest.lock\" > /dev/null\nif [ $? != 0 ] ; then\n    # print error to STDERR\n    echo \"error: The sandbox is not in sync with the Podfile.lock. Run 'pod install' or update your CocoaPods installation.\" >&2\n    exit 1\nfi\n# This output is used by Xcode 'outputs' to avoid re-running this script phase.\necho \"SUCCESS\" > \"${SCRIPT_OUTPUT_FILE_0}\"\n";
			showEnvVarsInLog = 0;
		};
		EB5317A035A70CD0739AC0D6 /* [CP] Embed Pods Frameworks */ = {
			isa = PBXShellScriptBuildPhase;
			buildActionMask = 2147483647;
			files = (
			);
			inputFileListPaths = (
				"${PODS_ROOT}/Target Support Files/Pods-7DaysOfCode-7DaysOfCodeUITests/Pods-7DaysOfCode-7DaysOfCodeUITests-frameworks-${CONFIGURATION}-input-files.xcfilelist",
			);
			name = "[CP] Embed Pods Frameworks";
			outputFileListPaths = (
				"${PODS_ROOT}/Target Support Files/Pods-7DaysOfCode-7DaysOfCodeUITests/Pods-7DaysOfCode-7DaysOfCodeUITests-frameworks-${CONFIGURATION}-output-files.xcfilelist",
			);
			runOnlyForDeploymentPostprocessing = 0;
			shellPath = /bin/sh;
			shellScript = "\"${PODS_ROOT}/Target Support Files/Pods-7DaysOfCode-7DaysOfCodeUITests/Pods-7DaysOfCode-7DaysOfCodeUITests-frameworks.sh\"\n";
			showEnvVarsInLog = 0;
		};
/* End PBXShellScriptBuildPhase section */

/* Begin PBXSourcesBuildPhase section */
		CEAEE004292669B2006CB389 /* Sources */ = {
			isa = PBXSourcesBuildPhase;
			buildActionMask = 2147483647;
			files = (
				CED479E2294368880046BCA9 /* UIImageView+Kingfisher.swift in Sources */,
				CED479DF294360AB0046BCA9 /* PaginatedResponse.swift in Sources */,
				CED479D8294215E40046BCA9 /* ServiceError.swift in Sources */,
				CEAEE00C292669B2006CB389 /* AppDelegate.swift in Sources */,
				CEAEE04729267613006CB389 /* MovieTableViewCell.swift in Sources */,
				CED479DC294356D80046BCA9 /* HomeViewModel.swift in Sources */,
				CEAEE04429267440006CB389 /* Movie.swift in Sources */,
				CEAEE00E292669B2006CB389 /* SceneDelegate.swift in Sources */,
				CEAEE04129266A6A006CB389 /* HomeView.swift in Sources */,
				CED479DA294352FE0046BCA9 /* CredentialsService.swift in Sources */,
				CED479D62942138A0046BCA9 /* MovieService.swift in Sources */,
				CEAEE03F29266A63006CB389 /* HomeViewController.swift in Sources */,
			);
			runOnlyForDeploymentPostprocessing = 0;
		};
		CEAEE01A292669B5006CB389 /* Sources */ = {
			isa = PBXSourcesBuildPhase;
			buildActionMask = 2147483647;
			files = (
				CEAEE023292669B5006CB389 /* _DaysOfCodeTests.swift in Sources */,
			);
			runOnlyForDeploymentPostprocessing = 0;
		};
		CEAEE024292669B5006CB389 /* Sources */ = {
			isa = PBXSourcesBuildPhase;
			buildActionMask = 2147483647;
			files = (
				CEAEE02D292669B5006CB389 /* _DaysOfCodeUITests.swift in Sources */,
				CEAEE02F292669B5006CB389 /* _DaysOfCodeUITestsLaunchTests.swift in Sources */,
			);
			runOnlyForDeploymentPostprocessing = 0;
		};
/* End PBXSourcesBuildPhase section */

/* Begin PBXTargetDependency section */
		CEAEE020292669B5006CB389 /* PBXTargetDependency */ = {
			isa = PBXTargetDependency;
			target = CEAEE007292669B2006CB389 /* 7DaysOfCode */;
			targetProxy = CEAEE01F292669B5006CB389 /* PBXContainerItemProxy */;
		};
		CEAEE02A292669B5006CB389 /* PBXTargetDependency */ = {
			isa = PBXTargetDependency;
			target = CEAEE007292669B2006CB389 /* 7DaysOfCode */;
			targetProxy = CEAEE029292669B5006CB389 /* PBXContainerItemProxy */;
		};
/* End PBXTargetDependency section */

/* Begin PBXVariantGroup section */
		CEAEE016292669B4006CB389 /* LaunchScreen.storyboard */ = {
			isa = PBXVariantGroup;
			children = (
				CEAEE017292669B4006CB389 /* Base */,
			);
			name = LaunchScreen.storyboard;
			sourceTree = "<group>";
		};
/* End PBXVariantGroup section */

/* Begin XCBuildConfiguration section */
		CEAEE030292669B5006CB389 /* Debug */ = {
			isa = XCBuildConfiguration;
			buildSettings = {
				ALWAYS_SEARCH_USER_PATHS = NO;
				CLANG_ANALYZER_NONNULL = YES;
				CLANG_ANALYZER_NUMBER_OBJECT_CONVERSION = YES_AGGRESSIVE;
				CLANG_CXX_LANGUAGE_STANDARD = "gnu++20";
				CLANG_ENABLE_MODULES = YES;
				CLANG_ENABLE_OBJC_ARC = YES;
				CLANG_ENABLE_OBJC_WEAK = YES;
				CLANG_WARN_BLOCK_CAPTURE_AUTORELEASING = YES;
				CLANG_WARN_BOOL_CONVERSION = YES;
				CLANG_WARN_COMMA = YES;
				CLANG_WARN_CONSTANT_CONVERSION = YES;
				CLANG_WARN_DEPRECATED_OBJC_IMPLEMENTATIONS = YES;
				CLANG_WARN_DIRECT_OBJC_ISA_USAGE = YES_ERROR;
				CLANG_WARN_DOCUMENTATION_COMMENTS = YES;
				CLANG_WARN_EMPTY_BODY = YES;
				CLANG_WARN_ENUM_CONVERSION = YES;
				CLANG_WARN_INFINITE_RECURSION = YES;
				CLANG_WARN_INT_CONVERSION = YES;
				CLANG_WARN_NON_LITERAL_NULL_CONVERSION = YES;
				CLANG_WARN_OBJC_IMPLICIT_RETAIN_SELF = YES;
				CLANG_WARN_OBJC_LITERAL_CONVERSION = YES;
				CLANG_WARN_OBJC_ROOT_CLASS = YES_ERROR;
				CLANG_WARN_QUOTED_INCLUDE_IN_FRAMEWORK_HEADER = YES;
				CLANG_WARN_RANGE_LOOP_ANALYSIS = YES;
				CLANG_WARN_STRICT_PROTOTYPES = YES;
				CLANG_WARN_SUSPICIOUS_MOVE = YES;
				CLANG_WARN_UNGUARDED_AVAILABILITY = YES_AGGRESSIVE;
				CLANG_WARN_UNREACHABLE_CODE = YES;
				CLANG_WARN__DUPLICATE_METHOD_MATCH = YES;
				COPY_PHASE_STRIP = NO;
				DEBUG_INFORMATION_FORMAT = dwarf;
				ENABLE_STRICT_OBJC_MSGSEND = YES;
				ENABLE_TESTABILITY = YES;
				GCC_C_LANGUAGE_STANDARD = gnu11;
				GCC_DYNAMIC_NO_PIC = NO;
				GCC_NO_COMMON_BLOCKS = YES;
				GCC_OPTIMIZATION_LEVEL = 0;
				GCC_PREPROCESSOR_DEFINITIONS = (
					"DEBUG=1",
					"$(inherited)",
				);
				GCC_WARN_64_TO_32_BIT_CONVERSION = YES;
				GCC_WARN_ABOUT_RETURN_TYPE = YES_ERROR;
				GCC_WARN_UNDECLARED_SELECTOR = YES;
				GCC_WARN_UNINITIALIZED_AUTOS = YES_AGGRESSIVE;
				GCC_WARN_UNUSED_FUNCTION = YES;
				GCC_WARN_UNUSED_VARIABLE = YES;
				IPHONEOS_DEPLOYMENT_TARGET = 16.1;
				MTL_ENABLE_DEBUG_INFO = INCLUDE_SOURCE;
				MTL_FAST_MATH = YES;
				ONLY_ACTIVE_ARCH = YES;
				SDKROOT = iphoneos;
				SWIFT_ACTIVE_COMPILATION_CONDITIONS = DEBUG;
				SWIFT_OPTIMIZATION_LEVEL = "-Onone";
			};
			name = Debug;
		};
		CEAEE031292669B5006CB389 /* Release */ = {
			isa = XCBuildConfiguration;
			buildSettings = {
				ALWAYS_SEARCH_USER_PATHS = NO;
				CLANG_ANALYZER_NONNULL = YES;
				CLANG_ANALYZER_NUMBER_OBJECT_CONVERSION = YES_AGGRESSIVE;
				CLANG_CXX_LANGUAGE_STANDARD = "gnu++20";
				CLANG_ENABLE_MODULES = YES;
				CLANG_ENABLE_OBJC_ARC = YES;
				CLANG_ENABLE_OBJC_WEAK = YES;
				CLANG_WARN_BLOCK_CAPTURE_AUTORELEASING = YES;
				CLANG_WARN_BOOL_CONVERSION = YES;
				CLANG_WARN_COMMA = YES;
				CLANG_WARN_CONSTANT_CONVERSION = YES;
				CLANG_WARN_DEPRECATED_OBJC_IMPLEMENTATIONS = YES;
				CLANG_WARN_DIRECT_OBJC_ISA_USAGE = YES_ERROR;
				CLANG_WARN_DOCUMENTATION_COMMENTS = YES;
				CLANG_WARN_EMPTY_BODY = YES;
				CLANG_WARN_ENUM_CONVERSION = YES;
				CLANG_WARN_INFINITE_RECURSION = YES;
				CLANG_WARN_INT_CONVERSION = YES;
				CLANG_WARN_NON_LITERAL_NULL_CONVERSION = YES;
				CLANG_WARN_OBJC_IMPLICIT_RETAIN_SELF = YES;
				CLANG_WARN_OBJC_LITERAL_CONVERSION = YES;
				CLANG_WARN_OBJC_ROOT_CLASS = YES_ERROR;
				CLANG_WARN_QUOTED_INCLUDE_IN_FRAMEWORK_HEADER = YES;
				CLANG_WARN_RANGE_LOOP_ANALYSIS = YES;
				CLANG_WARN_STRICT_PROTOTYPES = YES;
				CLANG_WARN_SUSPICIOUS_MOVE = YES;
				CLANG_WARN_UNGUARDED_AVAILABILITY = YES_AGGRESSIVE;
				CLANG_WARN_UNREACHABLE_CODE = YES;
				CLANG_WARN__DUPLICATE_METHOD_MATCH = YES;
				COPY_PHASE_STRIP = NO;
				DEBUG_INFORMATION_FORMAT = "dwarf-with-dsym";
				ENABLE_NS_ASSERTIONS = NO;
				ENABLE_STRICT_OBJC_MSGSEND = YES;
				GCC_C_LANGUAGE_STANDARD = gnu11;
				GCC_NO_COMMON_BLOCKS = YES;
				GCC_WARN_64_TO_32_BIT_CONVERSION = YES;
				GCC_WARN_ABOUT_RETURN_TYPE = YES_ERROR;
				GCC_WARN_UNDECLARED_SELECTOR = YES;
				GCC_WARN_UNINITIALIZED_AUTOS = YES_AGGRESSIVE;
				GCC_WARN_UNUSED_FUNCTION = YES;
				GCC_WARN_UNUSED_VARIABLE = YES;
				IPHONEOS_DEPLOYMENT_TARGET = 16.1;
				MTL_ENABLE_DEBUG_INFO = NO;
				MTL_FAST_MATH = YES;
				SDKROOT = iphoneos;
				SWIFT_COMPILATION_MODE = wholemodule;
				SWIFT_OPTIMIZATION_LEVEL = "-O";
				VALIDATE_PRODUCT = YES;
			};
			name = Release;
		};
		CEAEE033292669B5006CB389 /* Debug */ = {
			isa = XCBuildConfiguration;
			baseConfigurationReference = 232607D2AEFDA7B615C8D223 /* Pods-7DaysOfCode.debug.xcconfig */;
			buildSettings = {
				ASSETCATALOG_COMPILER_APPICON_NAME = AppIcon;
				ASSETCATALOG_COMPILER_GLOBAL_ACCENT_COLOR_NAME = AccentColor;
				CODE_SIGN_STYLE = Automatic;
				CURRENT_PROJECT_VERSION = 1;
				GENERATE_INFOPLIST_FILE = YES;
				INFOPLIST_FILE = 7DaysOfCode/Info.plist;
				INFOPLIST_KEY_UIApplicationSupportsIndirectInputEvents = YES;
				INFOPLIST_KEY_UILaunchStoryboardName = LaunchScreen;
				INFOPLIST_KEY_UIMainStoryboardFile = "";
				INFOPLIST_KEY_UISupportedInterfaceOrientations_iPad = "UIInterfaceOrientationPortrait UIInterfaceOrientationPortraitUpsideDown UIInterfaceOrientationLandscapeLeft UIInterfaceOrientationLandscapeRight";
				INFOPLIST_KEY_UISupportedInterfaceOrientations_iPhone = "UIInterfaceOrientationPortrait UIInterfaceOrientationLandscapeLeft UIInterfaceOrientationLandscapeRight";
				LD_RUNPATH_SEARCH_PATHS = (
					"$(inherited)",
					"@executable_path/Frameworks",
				);
				MARKETING_VERSION = 1.0;
				PRODUCT_BUNDLE_IDENTIFIER = "br.com.reisdev.-DaysOfCode";
				PRODUCT_NAME = "$(TARGET_NAME)";
				SWIFT_EMIT_LOC_STRINGS = YES;
				SWIFT_VERSION = 5.0;
				TARGETED_DEVICE_FAMILY = "1,2";
			};
			name = Debug;
		};
		CEAEE034292669B5006CB389 /* Release */ = {
			isa = XCBuildConfiguration;
			baseConfigurationReference = E10AB856F69E486CE919D01B /* Pods-7DaysOfCode.release.xcconfig */;
			buildSettings = {
				ASSETCATALOG_COMPILER_APPICON_NAME = AppIcon;
				ASSETCATALOG_COMPILER_GLOBAL_ACCENT_COLOR_NAME = AccentColor;
				CODE_SIGN_STYLE = Automatic;
				CURRENT_PROJECT_VERSION = 1;
				GENERATE_INFOPLIST_FILE = YES;
				INFOPLIST_FILE = 7DaysOfCode/Info.plist;
				INFOPLIST_KEY_UIApplicationSupportsIndirectInputEvents = YES;
				INFOPLIST_KEY_UILaunchStoryboardName = LaunchScreen;
				INFOPLIST_KEY_UIMainStoryboardFile = "";
				INFOPLIST_KEY_UISupportedInterfaceOrientations_iPad = "UIInterfaceOrientationPortrait UIInterfaceOrientationPortraitUpsideDown UIInterfaceOrientationLandscapeLeft UIInterfaceOrientationLandscapeRight";
				INFOPLIST_KEY_UISupportedInterfaceOrientations_iPhone = "UIInterfaceOrientationPortrait UIInterfaceOrientationLandscapeLeft UIInterfaceOrientationLandscapeRight";
				LD_RUNPATH_SEARCH_PATHS = (
					"$(inherited)",
					"@executable_path/Frameworks",
				);
				MARKETING_VERSION = 1.0;
				PRODUCT_BUNDLE_IDENTIFIER = "br.com.reisdev.-DaysOfCode";
				PRODUCT_NAME = "$(TARGET_NAME)";
				SWIFT_EMIT_LOC_STRINGS = YES;
				SWIFT_VERSION = 5.0;
				TARGETED_DEVICE_FAMILY = "1,2";
			};
			name = Release;
		};
		CEAEE036292669B5006CB389 /* Debug */ = {
			isa = XCBuildConfiguration;
			baseConfigurationReference = 78CA29AFA4A6711399EE712F /* Pods-7DaysOfCodeTests.debug.xcconfig */;
			buildSettings = {
				ALWAYS_EMBED_SWIFT_STANDARD_LIBRARIES = YES;
				BUNDLE_LOADER = "$(TEST_HOST)";
				CODE_SIGN_STYLE = Automatic;
				CURRENT_PROJECT_VERSION = 1;
				GENERATE_INFOPLIST_FILE = YES;
				IPHONEOS_DEPLOYMENT_TARGET = 16.1;
				MARKETING_VERSION = 1.0;
				PRODUCT_BUNDLE_IDENTIFIER = "br.com.reisdev.-DaysOfCodeTests";
				PRODUCT_NAME = "$(TARGET_NAME)";
				SWIFT_EMIT_LOC_STRINGS = NO;
				SWIFT_VERSION = 5.0;
				TARGETED_DEVICE_FAMILY = "1,2";
				TEST_HOST = "$(BUILT_PRODUCTS_DIR)/7DaysOfCode.app/$(BUNDLE_EXECUTABLE_FOLDER_PATH)/7DaysOfCode";
			};
			name = Debug;
		};
		CEAEE037292669B5006CB389 /* Release */ = {
			isa = XCBuildConfiguration;
			baseConfigurationReference = 5850AB34A6C0A301A17EBA39 /* Pods-7DaysOfCodeTests.release.xcconfig */;
			buildSettings = {
				ALWAYS_EMBED_SWIFT_STANDARD_LIBRARIES = YES;
				BUNDLE_LOADER = "$(TEST_HOST)";
				CODE_SIGN_STYLE = Automatic;
				CURRENT_PROJECT_VERSION = 1;
				GENERATE_INFOPLIST_FILE = YES;
				IPHONEOS_DEPLOYMENT_TARGET = 16.1;
				MARKETING_VERSION = 1.0;
				PRODUCT_BUNDLE_IDENTIFIER = "br.com.reisdev.-DaysOfCodeTests";
				PRODUCT_NAME = "$(TARGET_NAME)";
				SWIFT_EMIT_LOC_STRINGS = NO;
				SWIFT_VERSION = 5.0;
				TARGETED_DEVICE_FAMILY = "1,2";
				TEST_HOST = "$(BUILT_PRODUCTS_DIR)/7DaysOfCode.app/$(BUNDLE_EXECUTABLE_FOLDER_PATH)/7DaysOfCode";
			};
			name = Release;
		};
		CEAEE039292669B5006CB389 /* Debug */ = {
			isa = XCBuildConfiguration;
			baseConfigurationReference = 657EEC08E042E461FD8FDE35 /* Pods-7DaysOfCode-7DaysOfCodeUITests.debug.xcconfig */;
			buildSettings = {
				ALWAYS_EMBED_SWIFT_STANDARD_LIBRARIES = YES;
				CODE_SIGN_STYLE = Automatic;
				CURRENT_PROJECT_VERSION = 1;
				GENERATE_INFOPLIST_FILE = YES;
				MARKETING_VERSION = 1.0;
				PRODUCT_BUNDLE_IDENTIFIER = "br.com.reisdev.-DaysOfCodeUITests";
				PRODUCT_NAME = "$(TARGET_NAME)";
				SWIFT_EMIT_LOC_STRINGS = NO;
				SWIFT_VERSION = 5.0;
				TARGETED_DEVICE_FAMILY = "1,2";
				TEST_TARGET_NAME = 7DaysOfCode;
			};
			name = Debug;
		};
		CEAEE03A292669B5006CB389 /* Release */ = {
			isa = XCBuildConfiguration;
			baseConfigurationReference = B2A363F6E1557E2C2C96E63C /* Pods-7DaysOfCode-7DaysOfCodeUITests.release.xcconfig */;
			buildSettings = {
				ALWAYS_EMBED_SWIFT_STANDARD_LIBRARIES = YES;
				CODE_SIGN_STYLE = Automatic;
				CURRENT_PROJECT_VERSION = 1;
				GENERATE_INFOPLIST_FILE = YES;
				MARKETING_VERSION = 1.0;
				PRODUCT_BUNDLE_IDENTIFIER = "br.com.reisdev.-DaysOfCodeUITests";
				PRODUCT_NAME = "$(TARGET_NAME)";
				SWIFT_EMIT_LOC_STRINGS = NO;
				SWIFT_VERSION = 5.0;
				TARGETED_DEVICE_FAMILY = "1,2";
				TEST_TARGET_NAME = 7DaysOfCode;
			};
			name = Release;
		};
/* End XCBuildConfiguration section */

/* Begin XCConfigurationList section */
		CEAEE003292669B2006CB389 /* Build configuration list for PBXProject "7DaysOfCode" */ = {
			isa = XCConfigurationList;
			buildConfigurations = (
				CEAEE030292669B5006CB389 /* Debug */,
				CEAEE031292669B5006CB389 /* Release */,
			);
			defaultConfigurationIsVisible = 0;
			defaultConfigurationName = Release;
		};
		CEAEE032292669B5006CB389 /* Build configuration list for PBXNativeTarget "7DaysOfCode" */ = {
			isa = XCConfigurationList;
			buildConfigurations = (
				CEAEE033292669B5006CB389 /* Debug */,
				CEAEE034292669B5006CB389 /* Release */,
			);
			defaultConfigurationIsVisible = 0;
			defaultConfigurationName = Release;
		};
		CEAEE035292669B5006CB389 /* Build configuration list for PBXNativeTarget "7DaysOfCodeTests" */ = {
			isa = XCConfigurationList;
			buildConfigurations = (
				CEAEE036292669B5006CB389 /* Debug */,
				CEAEE037292669B5006CB389 /* Release */,
			);
			defaultConfigurationIsVisible = 0;
			defaultConfigurationName = Release;
		};
		CEAEE038292669B5006CB389 /* Build configuration list for PBXNativeTarget "7DaysOfCodeUITests" */ = {
			isa = XCConfigurationList;
			buildConfigurations = (
				CEAEE039292669B5006CB389 /* Debug */,
				CEAEE03A292669B5006CB389 /* Release */,
			);
			defaultConfigurationIsVisible = 0;
			defaultConfigurationName = Release;
		};
/* End XCConfigurationList section */
	};
	rootObject = CEAEE000292669B2006CB389 /* Project object */;
}
